
Microsoft Visual Studio Solution File, Format Version 12.00
# Visual Studio 14
VisualStudioVersion = 14.0.25420.1
MinimumVisualStudioVersion = 10.0.40219.1
Project("{2150E333-8FDC-42A3-9474-1A3956D46DE8}") = "src", "src", "{72F8BD21-975F-4E3D-B5E8-F02A8844B6EA}"
EndProject
Project("{2150E333-8FDC-42A3-9474-1A3956D46DE8}") = "Solution Items", "Solution Items", "{34FF1A5C-894C-444A-8BD9-67CA38AD272F}"
	ProjectSection(SolutionItems) = preProject
		global.json = global.json
	EndProjectSection
EndProject
Project("{8BB2217D-0F2D-49D1-97BC-3654ED321F3B}") = "FuelEconomy", "src\FuelEconomy\FuelEconomy.xproj", "{917B9522-73FE-44FB-9BBD-7DF0046D22E4}"
EndProject
Global
	GlobalSection(SolutionConfigurationPlatforms) = preSolution
		Debug|Any CPU = Debug|Any CPU
		Release|Any CPU = Release|Any CPU
	EndGlobalSection
	GlobalSection(ProjectConfigurationPlatforms) = postSolution
		{917B9522-73FE-44FB-9BBD-7DF0046D22E4}.Debug|Any CPU.ActiveCfg = Debug|Any CPU
		{917B9522-73FE-44FB-9BBD-7DF0046D22E4}.Debug|Any CPU.Build.0 = Debug|Any CPU
		{917B9522-73FE-44FB-9BBD-7DF0046D22E4}.Release|Any CPU.ActiveCfg = Release|Any CPU
		{917B9522-73FE-44FB-9BBD-7DF0046D22E4}.Release|Any CPU.Build.0 = Release|Any CPU
	EndGlobalSection
	GlobalSection(SolutionProperties) = preSolution
		HideSolutionNode = FALSE
	EndGlobalSection
	GlobalSection(NestedProjects) = preSolution
		{917B9522-73FE-44FB-9BBD-7DF0046D22E4} = {72F8BD21-975F-4E3D-B5E8-F02A8844B6EA}
	EndGlobalSection
EndGlobal
